// !$*UTF8*$!
{
	archiveVersion = 1;
	classes = {
	};
	objectVersion = 56;
	objects = {

/* Begin PBXBuildFile section */
		A120B3032B6D17D7008D13EB /* PlantApp.swift in Sources */ = {isa = PBXBuildFile; fileRef = A120B3022B6D17D7008D13EB /* PlantApp.swift */; };
		A120B3072B6D17F0008D13EB /* Assets.xcassets in Resources */ = {isa = PBXBuildFile; fileRef = A120B3062B6D17F0008D13EB /* Assets.xcassets */; };
		A120B30A2B6D17F0008D13EB /* Preview Assets.xcassets in Resources */ = {isa = PBXBuildFile; fileRef = A120B3092B6D17F0008D13EB /* Preview Assets.xcassets */; };
		A120B3192B6D200A008D13EB /* Category.swift in Sources */ = {isa = PBXBuildFile; fileRef = A120B3182B6D200A008D13EB /* Category.swift */; };
		A120B31B2B6D2199008D13EB /* Question.swift in Sources */ = {isa = PBXBuildFile; fileRef = A120B31A2B6D2199008D13EB /* Question.swift */; };
		A120B31E2B6D2265008D13EB /* APIService.swift in Sources */ = {isa = PBXBuildFile; fileRef = A120B31D2B6D2265008D13EB /* APIService.swift */; };
		A120B3202B6D2326008D13EB /* HomeViewModel.swift in Sources */ = {isa = PBXBuildFile; fileRef = A120B31F2B6D2326008D13EB /* HomeViewModel.swift */; };
		A120B3222B6D26C1008D13EB /* OnboardingScreen.swift in Sources */ = {isa = PBXBuildFile; fileRef = A120B3212B6D26C1008D13EB /* OnboardingScreen.swift */; };
		A120B3242B6D28BB008D13EB /* HomeScreen.swift in Sources */ = {isa = PBXBuildFile; fileRef = A120B3232B6D28BB008D13EB /* HomeScreen.swift */; };
		A120B3262B6D2F1E008D13EB /* WelcomeScreen.swift in Sources */ = {isa = PBXBuildFile; fileRef = A120B3252B6D2F1E008D13EB /* WelcomeScreen.swift */; };
		A120B3282B6D37BC008D13EB /* CustomText.swift in Sources */ = {isa = PBXBuildFile; fileRef = A120B3272B6D37BC008D13EB /* CustomText.swift */; };
		A120B32D2B6D4F1E008D13EB /* Extensions.swift in Sources */ = {isa = PBXBuildFile; fileRef = A120B32C2B6D4F1E008D13EB /* Extensions.swift */; };
		A120B32F2B6D5064008D13EB /* CustomButton.swift in Sources */ = {isa = PBXBuildFile; fileRef = A120B32E2B6D5064008D13EB /* CustomButton.swift */; };
		A120B3462B6D9C1D008D13EB /* Rubik-Black.ttf in Resources */ = {isa = PBXBuildFile; fileRef = A120B3412B6D9C1D008D13EB /* Rubik-Black.ttf */; };
		A120B3472B6D9C1D008D13EB /* Rubik-Medium.ttf in Resources */ = {isa = PBXBuildFile; fileRef = A120B3422B6D9C1D008D13EB /* Rubik-Medium.ttf */; };
		A120B3482B6D9C1D008D13EB /* Rubik-Light.ttf in Resources */ = {isa = PBXBuildFile; fileRef = A120B3432B6D9C1D008D13EB /* Rubik-Light.ttf */; };
		A120B3492B6D9C1D008D13EB /* Rubik-Bold.ttf in Resources */ = {isa = PBXBuildFile; fileRef = A120B3442B6D9C1D008D13EB /* Rubik-Bold.ttf */; };
		A120B34A2B6D9C1D008D13EB /* Rubik-Regular.ttf in Resources */ = {isa = PBXBuildFile; fileRef = A120B3452B6D9C1D008D13EB /* Rubik-Regular.ttf */; };
		A120B34C2B6DC183008D13EB /* TakeAPhotoView.swift in Sources */ = {isa = PBXBuildFile; fileRef = A120B34B2B6DC183008D13EB /* TakeAPhotoView.swift */; };
		A120B34E2B6DC1E4008D13EB /* CareGuidesView.swift in Sources */ = {isa = PBXBuildFile; fileRef = A120B34D2B6DC1E4008D13EB /* CareGuidesView.swift */; };
		A120B3502B6DC20B008D13EB /* GetPremiumScreen.swift in Sources */ = {isa = PBXBuildFile; fileRef = A120B34F2B6DC20B008D13EB /* GetPremiumScreen.swift */; };
		A120B3522B6F2D2B008D13EB /* PremiumCollectionView.swift in Sources */ = {isa = PBXBuildFile; fileRef = A120B3512B6F2D2B008D13EB /* PremiumCollectionView.swift */; };
		A120B3542B6FD5E3008D13EB /* SubscriptionOptionView.swift in Sources */ = {isa = PBXBuildFile; fileRef = A120B3532B6FD5E3008D13EB /* SubscriptionOptionView.swift */; };
		A120B3562B6FD6F5008D13EB /* RadioButton.swift in Sources */ = {isa = PBXBuildFile; fileRef = A120B3552B6FD6F5008D13EB /* RadioButton.swift */; };
		A1D108A32B705982002B3E92 /* TabBar.swift in Sources */ = {isa = PBXBuildFile; fileRef = A1D108A22B705982002B3E92 /* TabBar.swift */; };
		A1D108A52B7059B7002B3E92 /* ScanButton.swift in Sources */ = {isa = PBXBuildFile; fileRef = A1D108A42B7059B7002B3E92 /* ScanButton.swift */; };
		A1D108A72B7059CB002B3E92 /* ScanScreen.swift in Sources */ = {isa = PBXBuildFile; fileRef = A1D108A62B7059CB002B3E92 /* ScanScreen.swift */; };
		A1D108A92B705A0E002B3E92 /* DiagnoseScreen.swift in Sources */ = {isa = PBXBuildFile; fileRef = A1D108A82B705A0E002B3E92 /* DiagnoseScreen.swift */; };
		A1D108AB2B705A23002B3E92 /* MyGardenScreen.swift in Sources */ = {isa = PBXBuildFile; fileRef = A1D108AA2B705A23002B3E92 /* MyGardenScreen.swift */; };
		A1D108AD2B705A32002B3E92 /* ProfileScreen.swift in Sources */ = {isa = PBXBuildFile; fileRef = A1D108AC2B705A32002B3E92 /* ProfileScreen.swift */; };
		A1D108AF2B705DE1002B3E92 /* TabIcon.swift in Sources */ = {isa = PBXBuildFile; fileRef = A1D108AE2B705DE1002B3E92 /* TabIcon.swift */; };
		A1D108B12B706D51002B3E92 /* HomeHeaderView.swift in Sources */ = {isa = PBXBuildFile; fileRef = A1D108B02B706D51002B3E92 /* HomeHeaderView.swift */; };
		A1D108B32B7089F6002B3E92 /* PremiumButtonView.swift in Sources */ = {isa = PBXBuildFile; fileRef = A1D108B22B7089F6002B3E92 /* PremiumButtonView.swift */; };
		A1D108B52B70F165002B3E92 /* QuestionsGridView.swift in Sources */ = {isa = PBXBuildFile; fileRef = A1D108B42B70F165002B3E92 /* QuestionsGridView.swift */; };
		A1D108B72B7106B8002B3E92 /* PlantGridView.swift in Sources */ = {isa = PBXBuildFile; fileRef = A1D108B62B7106B8002B3E92 /* PlantGridView.swift */; };
/* End PBXBuildFile section */

/* Begin PBXFileReference section */
		A120B2FF2B6D17D7008D13EB /* PlantApp.app */ = {isa = PBXFileReference; explicitFileType = wrapper.application; includeInIndex = 0; path = PlantApp.app; sourceTree = BUILT_PRODUCTS_DIR; };
		A120B3022B6D17D7008D13EB /* PlantApp.swift */ = {isa = PBXFileReference; lastKnownFileType = sourcecode.swift; path = PlantApp.swift; sourceTree = "<group>"; };
		A120B3062B6D17F0008D13EB /* Assets.xcassets */ = {isa = PBXFileReference; lastKnownFileType = folder.assetcatalog; path = Assets.xcassets; sourceTree = "<group>"; };
		A120B3092B6D17F0008D13EB /* Preview Assets.xcassets */ = {isa = PBXFileReference; lastKnownFileType = folder.assetcatalog; path = "Preview Assets.xcassets"; sourceTree = "<group>"; };
		A120B3182B6D200A008D13EB /* Category.swift */ = {isa = PBXFileReference; lastKnownFileType = sourcecode.swift; path = Category.swift; sourceTree = "<group>"; };
		A120B31A2B6D2199008D13EB /* Question.swift */ = {isa = PBXFileReference; lastKnownFileType = sourcecode.swift; path = Question.swift; sourceTree = "<group>"; };
		A120B31D2B6D2265008D13EB /* APIService.swift */ = {isa = PBXFileReference; lastKnownFileType = sourcecode.swift; path = APIService.swift; sourceTree = "<group>"; };
		A120B31F2B6D2326008D13EB /* HomeViewModel.swift */ = {isa = PBXFileReference; lastKnownFileType = sourcecode.swift; path = HomeViewModel.swift; sourceTree = "<group>"; };
		A120B3212B6D26C1008D13EB /* OnboardingScreen.swift */ = {isa = PBXFileReference; lastKnownFileType = sourcecode.swift; path = OnboardingScreen.swift; sourceTree = "<group>"; };
		A120B3232B6D28BB008D13EB /* HomeScreen.swift */ = {isa = PBXFileReference; lastKnownFileType = sourcecode.swift; path = HomeScreen.swift; sourceTree = "<group>"; };
		A120B3252B6D2F1E008D13EB /* WelcomeScreen.swift */ = {isa = PBXFileReference; lastKnownFileType = sourcecode.swift; path = WelcomeScreen.swift; sourceTree = "<group>"; };
		A120B3272B6D37BC008D13EB /* CustomText.swift */ = {isa = PBXFileReference; lastKnownFileType = sourcecode.swift; path = CustomText.swift; sourceTree = "<group>"; };
		A120B32C2B6D4F1E008D13EB /* Extensions.swift */ = {isa = PBXFileReference; lastKnownFileType = sourcecode.swift; path = Extensions.swift; sourceTree = "<group>"; };
		A120B32E2B6D5064008D13EB /* CustomButton.swift */ = {isa = PBXFileReference; lastKnownFileType = sourcecode.swift; path = CustomButton.swift; sourceTree = "<group>"; };
		A120B3312B6D7F8E008D13EB /* Info.plist */ = {isa = PBXFileReference; lastKnownFileType = text.plist; path = Info.plist; sourceTree = "<group>"; };
		A120B3412B6D9C1D008D13EB /* Rubik-Black.ttf */ = {isa = PBXFileReference; lastKnownFileType = file; path = "Rubik-Black.ttf"; sourceTree = "<group>"; };
		A120B3422B6D9C1D008D13EB /* Rubik-Medium.ttf */ = {isa = PBXFileReference; lastKnownFileType = file; path = "Rubik-Medium.ttf"; sourceTree = "<group>"; };
		A120B3432B6D9C1D008D13EB /* Rubik-Light.ttf */ = {isa = PBXFileReference; lastKnownFileType = file; path = "Rubik-Light.ttf"; sourceTree = "<group>"; };
		A120B3442B6D9C1D008D13EB /* Rubik-Bold.ttf */ = {isa = PBXFileReference; lastKnownFileType = file; path = "Rubik-Bold.ttf"; sourceTree = "<group>"; };
		A120B3452B6D9C1D008D13EB /* Rubik-Regular.ttf */ = {isa = PBXFileReference; lastKnownFileType = file; path = "Rubik-Regular.ttf"; sourceTree = "<group>"; };
		A120B34B2B6DC183008D13EB /* TakeAPhotoView.swift */ = {isa = PBXFileReference; lastKnownFileType = sourcecode.swift; path = TakeAPhotoView.swift; sourceTree = "<group>"; };
		A120B34D2B6DC1E4008D13EB /* CareGuidesView.swift */ = {isa = PBXFileReference; lastKnownFileType = sourcecode.swift; path = CareGuidesView.swift; sourceTree = "<group>"; };
		A120B34F2B6DC20B008D13EB /* GetPremiumScreen.swift */ = {isa = PBXFileReference; lastKnownFileType = sourcecode.swift; path = GetPremiumScreen.swift; sourceTree = "<group>"; };
		A120B3512B6F2D2B008D13EB /* PremiumCollectionView.swift */ = {isa = PBXFileReference; lastKnownFileType = sourcecode.swift; path = PremiumCollectionView.swift; sourceTree = "<group>"; };
		A120B3532B6FD5E3008D13EB /* SubscriptionOptionView.swift */ = {isa = PBXFileReference; lastKnownFileType = sourcecode.swift; path = SubscriptionOptionView.swift; sourceTree = "<group>"; };
		A120B3552B6FD6F5008D13EB /* RadioButton.swift */ = {isa = PBXFileReference; lastKnownFileType = sourcecode.swift; path = RadioButton.swift; sourceTree = "<group>"; };
		A1D108A22B705982002B3E92 /* TabBar.swift */ = {isa = PBXFileReference; lastKnownFileType = sourcecode.swift; path = TabBar.swift; sourceTree = "<group>"; };
		A1D108A42B7059B7002B3E92 /* ScanButton.swift */ = {isa = PBXFileReference; lastKnownFileType = sourcecode.swift; path = ScanButton.swift; sourceTree = "<group>"; };
		A1D108A62B7059CB002B3E92 /* ScanScreen.swift */ = {isa = PBXFileReference; lastKnownFileType = sourcecode.swift; path = ScanScreen.swift; sourceTree = "<group>"; };
		A1D108A82B705A0E002B3E92 /* DiagnoseScreen.swift */ = {isa = PBXFileReference; lastKnownFileType = sourcecode.swift; path = DiagnoseScreen.swift; sourceTree = "<group>"; };
		A1D108AA2B705A23002B3E92 /* MyGardenScreen.swift */ = {isa = PBXFileReference; lastKnownFileType = sourcecode.swift; path = MyGardenScreen.swift; sourceTree = "<group>"; };
		A1D108AC2B705A32002B3E92 /* ProfileScreen.swift */ = {isa = PBXFileReference; lastKnownFileType = sourcecode.swift; path = ProfileScreen.swift; sourceTree = "<group>"; };
		A1D108AE2B705DE1002B3E92 /* TabIcon.swift */ = {isa = PBXFileReference; lastKnownFileType = sourcecode.swift; path = TabIcon.swift; sourceTree = "<group>"; };
		A1D108B02B706D51002B3E92 /* HomeHeaderView.swift */ = {isa = PBXFileReference; lastKnownFileType = sourcecode.swift; path = HomeHeaderView.swift; sourceTree = "<group>"; };
		A1D108B22B7089F6002B3E92 /* PremiumButtonView.swift */ = {isa = PBXFileReference; lastKnownFileType = sourcecode.swift; path = PremiumButtonView.swift; sourceTree = "<group>"; };
		A1D108B42B70F165002B3E92 /* QuestionsGridView.swift */ = {isa = PBXFileReference; lastKnownFileType = sourcecode.swift; path = QuestionsGridView.swift; sourceTree = "<group>"; };
		A1D108B62B7106B8002B3E92 /* PlantGridView.swift */ = {isa = PBXFileReference; lastKnownFileType = sourcecode.swift; path = PlantGridView.swift; sourceTree = "<group>"; };
/* End PBXFileReference section */

/* Begin PBXFrameworksBuildPhase section */
		A120B2FC2B6D17D7008D13EB /* Frameworks */ = {
			isa = PBXFrameworksBuildPhase;
			buildActionMask = 2147483647;
			files = (
			);
			runOnlyForDeploymentPostprocessing = 0;
		};
/* End PBXFrameworksBuildPhase section */

/* Begin PBXGroup section */
		A120B2F62B6D17D7008D13EB = {
			isa = PBXGroup;
			children = (
				A120B3012B6D17D7008D13EB /* PlantApp */,
				A120B3002B6D17D7008D13EB /* Products */,
			);
			sourceTree = "<group>";
		};
		A120B3002B6D17D7008D13EB /* Products */ = {
			isa = PBXGroup;
			children = (
				A120B2FF2B6D17D7008D13EB /* PlantApp.app */,
			);
			name = Products;
			sourceTree = "<group>";
		};
		A120B3012B6D17D7008D13EB /* PlantApp */ = {
			isa = PBXGroup;
			children = (
				A120B3022B6D17D7008D13EB /* PlantApp.swift */,
				A120B3312B6D7F8E008D13EB /* Info.plist */,
				A120B3292B6D4C4E008D13EB /* Extensions */,
				A120B31C2B6D224D008D13EB /* Service */,
				A120B3162B6D1E66008D13EB /* Resources */,
				A120B3142B6D1E4C008D13EB /* Views */,
				A120B3132B6D1E42008D13EB /* ViewModels */,
				A120B3122B6D1E39008D13EB /* Models */,
				A120B3082B6D17F0008D13EB /* Preview Content */,
			);
			path = PlantApp;
			sourceTree = "<group>";
		};
		A120B3082B6D17F0008D13EB /* Preview Content */ = {
			isa = PBXGroup;
			children = (
				A120B3092B6D17F0008D13EB /* Preview Assets.xcassets */,
			);
			path = "Preview Content";
			sourceTree = "<group>";
		};
		A120B3122B6D1E39008D13EB /* Models */ = {
			isa = PBXGroup;
			children = (
				A120B3182B6D200A008D13EB /* Category.swift */,
				A120B31A2B6D2199008D13EB /* Question.swift */,
			);
			path = Models;
			sourceTree = "<group>";
		};
		A120B3132B6D1E42008D13EB /* ViewModels */ = {
			isa = PBXGroup;
			children = (
				A120B31F2B6D2326008D13EB /* HomeViewModel.swift */,
			);
			path = ViewModels;
			sourceTree = "<group>";
		};
		A120B3142B6D1E4C008D13EB /* Views */ = {
			isa = PBXGroup;
			children = (
				A1D108A22B705982002B3E92 /* TabBar.swift */,
				A120B3392B6D877E008D13EB /* Screens */,
				A120B3382B6D8770008D13EB /* CustomViews */,
				A120B34B2B6DC183008D13EB /* TakeAPhotoView.swift */,
				A120B34D2B6DC1E4008D13EB /* CareGuidesView.swift */,
				A120B3512B6F2D2B008D13EB /* PremiumCollectionView.swift */,
				A120B3532B6FD5E3008D13EB /* SubscriptionOptionView.swift */,
				A1D108A42B7059B7002B3E92 /* ScanButton.swift */,
				A1D108AE2B705DE1002B3E92 /* TabIcon.swift */,
				A1D108B02B706D51002B3E92 /* HomeHeaderView.swift */,
				A1D108B22B7089F6002B3E92 /* PremiumButtonView.swift */,
				A1D108B42B70F165002B3E92 /* QuestionsGridView.swift */,
				A1D108B62B7106B8002B3E92 /* PlantGridView.swift */,
			);
			path = Views;
			sourceTree = "<group>";
		};
		A120B3162B6D1E66008D13EB /* Resources */ = {
			isa = PBXGroup;
			children = (
				A120B3322B6D8193008D13EB /* Fonts */,
				A120B3062B6D17F0008D13EB /* Assets.xcassets */,
			);
			path = Resources;
			sourceTree = "<group>";
		};
		A120B31C2B6D224D008D13EB /* Service */ = {
			isa = PBXGroup;
			children = (
				A120B31D2B6D2265008D13EB /* APIService.swift */,
			);
			path = Service;
			sourceTree = "<group>";
		};
		A120B3292B6D4C4E008D13EB /* Extensions */ = {
			isa = PBXGroup;
			children = (
				A120B32C2B6D4F1E008D13EB /* Extensions.swift */,
			);
			path = Extensions;
			sourceTree = "<group>";
		};
		A120B3322B6D8193008D13EB /* Fonts */ = {
			isa = PBXGroup;
			children = (
				A120B3412B6D9C1D008D13EB /* Rubik-Black.ttf */,
				A120B3442B6D9C1D008D13EB /* Rubik-Bold.ttf */,
				A120B3432B6D9C1D008D13EB /* Rubik-Light.ttf */,
				A120B3422B6D9C1D008D13EB /* Rubik-Medium.ttf */,
				A120B3452B6D9C1D008D13EB /* Rubik-Regular.ttf */,
			);
			path = Fonts;
			sourceTree = "<group>";
		};
		A120B3382B6D8770008D13EB /* CustomViews */ = {
			isa = PBXGroup;
			children = (
				A120B3552B6FD6F5008D13EB /* RadioButton.swift */,
				A120B32E2B6D5064008D13EB /* CustomButton.swift */,
				A120B3272B6D37BC008D13EB /* CustomText.swift */,
			);
			path = CustomViews;
			sourceTree = "<group>";
		};
		A120B3392B6D877E008D13EB /* Screens */ = {
			isa = PBXGroup;
			children = (
				A120B34F2B6DC20B008D13EB /* GetPremiumScreen.swift */,
				A120B3212B6D26C1008D13EB /* OnboardingScreen.swift */,
				A120B3252B6D2F1E008D13EB /* WelcomeScreen.swift */,
				A120B3232B6D28BB008D13EB /* HomeScreen.swift */,
				A1D108A62B7059CB002B3E92 /* ScanScreen.swift */,
				A1D108A82B705A0E002B3E92 /* DiagnoseScreen.swift */,
				A1D108AA2B705A23002B3E92 /* MyGardenScreen.swift */,
				A1D108AC2B705A32002B3E92 /* ProfileScreen.swift */,
			);
			path = Screens;
			sourceTree = "<group>";
		};
/* End PBXGroup section */

/* Begin PBXNativeTarget section */
		A120B2FE2B6D17D7008D13EB /* PlantApp */ = {
			isa = PBXNativeTarget;
			buildConfigurationList = A120B30D2B6D17F0008D13EB /* Build configuration list for PBXNativeTarget "PlantApp" */;
			buildPhases = (
				A120B2FB2B6D17D7008D13EB /* Sources */,
				A120B2FC2B6D17D7008D13EB /* Frameworks */,
				A120B2FD2B6D17D7008D13EB /* Resources */,
			);
			buildRules = (
			);
			dependencies = (
			);
			name = PlantApp;
			productName = PlantApp;
			productReference = A120B2FF2B6D17D7008D13EB /* PlantApp.app */;
			productType = "com.apple.product-type.application";
		};
/* End PBXNativeTarget section */

/* Begin PBXProject section */
		A120B2F72B6D17D7008D13EB /* Project object */ = {
			isa = PBXProject;
			attributes = {
				BuildIndependentTargetsInParallel = 1;
				LastSwiftUpdateCheck = 1510;
				LastUpgradeCheck = 1510;
				TargetAttributes = {
					A120B2FE2B6D17D7008D13EB = {
						CreatedOnToolsVersion = 15.1;
					};
				};
			};
			buildConfigurationList = A120B2FA2B6D17D7008D13EB /* Build configuration list for PBXProject "PlantApp" */;
			compatibilityVersion = "Xcode 14.0";
			developmentRegion = en;
			hasScannedForEncodings = 0;
			knownRegions = (
				en,
				Base,
			);
			mainGroup = A120B2F62B6D17D7008D13EB;
			productRefGroup = A120B3002B6D17D7008D13EB /* Products */;
			projectDirPath = "";
			projectRoot = "";
			targets = (
				A120B2FE2B6D17D7008D13EB /* PlantApp */,
			);
		};
/* End PBXProject section */

/* Begin PBXResourcesBuildPhase section */
		A120B2FD2B6D17D7008D13EB /* Resources */ = {
			isa = PBXResourcesBuildPhase;
			buildActionMask = 2147483647;
			files = (
				A120B3462B6D9C1D008D13EB /* Rubik-Black.ttf in Resources */,
				A120B34A2B6D9C1D008D13EB /* Rubik-Regular.ttf in Resources */,
				A120B3492B6D9C1D008D13EB /* Rubik-Bold.ttf in Resources */,
				A120B30A2B6D17F0008D13EB /* Preview Assets.xcassets in Resources */,
				A120B3482B6D9C1D008D13EB /* Rubik-Light.ttf in Resources */,
				A120B3072B6D17F0008D13EB /* Assets.xcassets in Resources */,
				A120B3472B6D9C1D008D13EB /* Rubik-Medium.ttf in Resources */,
			);
			runOnlyForDeploymentPostprocessing = 0;
		};
/* End PBXResourcesBuildPhase section */

/* Begin PBXSourcesBuildPhase section */
		A120B2FB2B6D17D7008D13EB /* Sources */ = {
			isa = PBXSourcesBuildPhase;
			buildActionMask = 2147483647;
			files = (
				A1D108AF2B705DE1002B3E92 /* TabIcon.swift in Sources */,
				A1D108AB2B705A23002B3E92 /* MyGardenScreen.swift in Sources */,
				A1D108A52B7059B7002B3E92 /* ScanButton.swift in Sources */,
				A120B3542B6FD5E3008D13EB /* SubscriptionOptionView.swift in Sources */,
				A120B3202B6D2326008D13EB /* HomeViewModel.swift in Sources */,
				A120B31E2B6D2265008D13EB /* APIService.swift in Sources */,
				A120B31B2B6D2199008D13EB /* Question.swift in Sources */,
				A120B34E2B6DC1E4008D13EB /* CareGuidesView.swift in Sources */,
				A120B3262B6D2F1E008D13EB /* WelcomeScreen.swift in Sources */,
				A120B34C2B6DC183008D13EB /* TakeAPhotoView.swift in Sources */,
				A1D108A72B7059CB002B3E92 /* ScanScreen.swift in Sources */,
				A120B3502B6DC20B008D13EB /* GetPremiumScreen.swift in Sources */,
				A120B3032B6D17D7008D13EB /* PlantApp.swift in Sources */,
				A1D108A32B705982002B3E92 /* TabBar.swift in Sources */,
				A1D108B32B7089F6002B3E92 /* PremiumButtonView.swift in Sources */,
				A120B32D2B6D4F1E008D13EB /* Extensions.swift in Sources */,
				A120B3562B6FD6F5008D13EB /* RadioButton.swift in Sources */,
				A1D108B12B706D51002B3E92 /* HomeHeaderView.swift in Sources */,
				A1D108B72B7106B8002B3E92 /* PlantGridView.swift in Sources */,
				A120B3242B6D28BB008D13EB /* HomeScreen.swift in Sources */,
				A120B32F2B6D5064008D13EB /* CustomButton.swift in Sources */,
				A1D108A92B705A0E002B3E92 /* DiagnoseScreen.swift in Sources */,
				A120B3192B6D200A008D13EB /* Category.swift in Sources */,
				A120B3522B6F2D2B008D13EB /* PremiumCollectionView.swift in Sources */,
				A1D108AD2B705A32002B3E92 /* ProfileScreen.swift in Sources */,
				A120B3222B6D26C1008D13EB /* OnboardingScreen.swift in Sources */,
				A120B3282B6D37BC008D13EB /* CustomText.swift in Sources */,
				A1D108B52B70F165002B3E92 /* QuestionsGridView.swift in Sources */,
			);
			runOnlyForDeploymentPostprocessing = 0;
		};
/* End PBXSourcesBuildPhase section */

/* Begin XCBuildConfiguration section */
		A120B30B2B6D17F0008D13EB /* Debug */ = {
			isa = XCBuildConfiguration;
			buildSettings = {
				ALWAYS_SEARCH_USER_PATHS = NO;
				ASSETCATALOG_COMPILER_GENERATE_SWIFT_ASSET_SYMBOL_EXTENSIONS = YES;
				CLANG_ANALYZER_NONNULL = YES;
				CLANG_ANALYZER_NUMBER_OBJECT_CONVERSION = YES_AGGRESSIVE;
				CLANG_CXX_LANGUAGE_STANDARD = "gnu++20";
				CLANG_ENABLE_MODULES = YES;
				CLANG_ENABLE_OBJC_ARC = YES;
				CLANG_ENABLE_OBJC_WEAK = YES;
				CLANG_WARN_BLOCK_CAPTURE_AUTORELEASING = YES;
				CLANG_WARN_BOOL_CONVERSION = YES;
				CLANG_WARN_COMMA = YES;
				CLANG_WARN_CONSTANT_CONVERSION = YES;
				CLANG_WARN_DEPRECATED_OBJC_IMPLEMENTATIONS = YES;
				CLANG_WARN_DIRECT_OBJC_ISA_USAGE = YES_ERROR;
				CLANG_WARN_DOCUMENTATION_COMMENTS = YES;
				CLANG_WARN_EMPTY_BODY = YES;
				CLANG_WARN_ENUM_CONVERSION = YES;
				CLANG_WARN_INFINITE_RECURSION = YES;
				CLANG_WARN_INT_CONVERSION = YES;
				CLANG_WARN_NON_LITERAL_NULL_CONVERSION = YES;
				CLANG_WARN_OBJC_IMPLICIT_RETAIN_SELF = YES;
				CLANG_WARN_OBJC_LITERAL_CONVERSION = YES;
				CLANG_WARN_OBJC_ROOT_CLASS = YES_ERROR;
				CLANG_WARN_QUOTED_INCLUDE_IN_FRAMEWORK_HEADER = YES;
				CLANG_WARN_RANGE_LOOP_ANALYSIS = YES;
				CLANG_WARN_STRICT_PROTOTYPES = YES;
				CLANG_WARN_SUSPICIOUS_MOVE = YES;
				CLANG_WARN_UNGUARDED_AVAILABILITY = YES_AGGRESSIVE;
				CLANG_WARN_UNREACHABLE_CODE = YES;
				CLANG_WARN__DUPLICATE_METHOD_MATCH = YES;
				COPY_PHASE_STRIP = NO;
				DEBUG_INFORMATION_FORMAT = dwarf;
				ENABLE_STRICT_OBJC_MSGSEND = YES;
				ENABLE_TESTABILITY = YES;
				ENABLE_USER_SCRIPT_SANDBOXING = YES;
				GCC_C_LANGUAGE_STANDARD = gnu17;
				GCC_DYNAMIC_NO_PIC = NO;
				GCC_NO_COMMON_BLOCKS = YES;
				GCC_OPTIMIZATION_LEVEL = 0;
				GCC_PREPROCESSOR_DEFINITIONS = (
					"DEBUG=1",
					"$(inherited)",
				);
				GCC_WARN_64_TO_32_BIT_CONVERSION = YES;
				GCC_WARN_ABOUT_RETURN_TYPE = YES_ERROR;
				GCC_WARN_UNDECLARED_SELECTOR = YES;
				GCC_WARN_UNINITIALIZED_AUTOS = YES_AGGRESSIVE;
				GCC_WARN_UNUSED_FUNCTION = YES;
				GCC_WARN_UNUSED_VARIABLE = YES;
				IPHONEOS_DEPLOYMENT_TARGET = 17.2;
				LOCALIZATION_PREFERS_STRING_CATALOGS = YES;
				MTL_ENABLE_DEBUG_INFO = INCLUDE_SOURCE;
				MTL_FAST_MATH = YES;
				ONLY_ACTIVE_ARCH = YES;
				SDKROOT = iphoneos;
				SWIFT_ACTIVE_COMPILATION_CONDITIONS = "DEBUG $(inherited)";
				SWIFT_OPTIMIZATION_LEVEL = "-Onone";
			};
			name = Debug;
		};
		A120B30C2B6D17F0008D13EB /* Release */ = {
			isa = XCBuildConfiguration;
			buildSettings = {
				ALWAYS_SEARCH_USER_PATHS = NO;
				ASSETCATALOG_COMPILER_GENERATE_SWIFT_ASSET_SYMBOL_EXTENSIONS = YES;
				CLANG_ANALYZER_NONNULL = YES;
				CLANG_ANALYZER_NUMBER_OBJECT_CONVERSION = YES_AGGRESSIVE;
				CLANG_CXX_LANGUAGE_STANDARD = "gnu++20";
				CLANG_ENABLE_MODULES = YES;
				CLANG_ENABLE_OBJC_ARC = YES;
				CLANG_ENABLE_OBJC_WEAK = YES;
				CLANG_WARN_BLOCK_CAPTURE_AUTORELEASING = YES;
				CLANG_WARN_BOOL_CONVERSION = YES;
				CLANG_WARN_COMMA = YES;
				CLANG_WARN_CONSTANT_CONVERSION = YES;
				CLANG_WARN_DEPRECATED_OBJC_IMPLEMENTATIONS = YES;
				CLANG_WARN_DIRECT_OBJC_ISA_USAGE = YES_ERROR;
				CLANG_WARN_DOCUMENTATION_COMMENTS = YES;
				CLANG_WARN_EMPTY_BODY = YES;
				CLANG_WARN_ENUM_CONVERSION = YES;
				CLANG_WARN_INFINITE_RECURSION = YES;
				CLANG_WARN_INT_CONVERSION = YES;
				CLANG_WARN_NON_LITERAL_NULL_CONVERSION = YES;
				CLANG_WARN_OBJC_IMPLICIT_RETAIN_SELF = YES;
				CLANG_WARN_OBJC_LITERAL_CONVERSION = YES;
				CLANG_WARN_OBJC_ROOT_CLASS = YES_ERROR;
				CLANG_WARN_QUOTED_INCLUDE_IN_FRAMEWORK_HEADER = YES;
				CLANG_WARN_RANGE_LOOP_ANALYSIS = YES;
				CLANG_WARN_STRICT_PROTOTYPES = YES;
				CLANG_WARN_SUSPICIOUS_MOVE = YES;
				CLANG_WARN_UNGUARDED_AVAILABILITY = YES_AGGRESSIVE;
				CLANG_WARN_UNREACHABLE_CODE = YES;
				CLANG_WARN__DUPLICATE_METHOD_MATCH = YES;
				COPY_PHASE_STRIP = NO;
				DEBUG_INFORMATION_FORMAT = "dwarf-with-dsym";
				ENABLE_NS_ASSERTIONS = NO;
				ENABLE_STRICT_OBJC_MSGSEND = YES;
				ENABLE_USER_SCRIPT_SANDBOXING = YES;
				GCC_C_LANGUAGE_STANDARD = gnu17;
				GCC_NO_COMMON_BLOCKS = YES;
				GCC_WARN_64_TO_32_BIT_CONVERSION = YES;
				GCC_WARN_ABOUT_RETURN_TYPE = YES_ERROR;
				GCC_WARN_UNDECLARED_SELECTOR = YES;
				GCC_WARN_UNINITIALIZED_AUTOS = YES_AGGRESSIVE;
				GCC_WARN_UNUSED_FUNCTION = YES;
				GCC_WARN_UNUSED_VARIABLE = YES;
				IPHONEOS_DEPLOYMENT_TARGET = 17.2;
				LOCALIZATION_PREFERS_STRING_CATALOGS = YES;
				MTL_ENABLE_DEBUG_INFO = NO;
				MTL_FAST_MATH = YES;
				SDKROOT = iphoneos;
				SWIFT_COMPILATION_MODE = wholemodule;
				VALIDATE_PRODUCT = YES;
			};
			name = Release;
		};
		A120B30E2B6D17F0008D13EB /* Debug */ = {
			isa = XCBuildConfiguration;
			buildSettings = {
				ASSETCATALOG_COMPILER_APPICON_NAME = AppIcon;
				ASSETCATALOG_COMPILER_GLOBAL_ACCENT_COLOR_NAME = AccentColor;
				CODE_SIGN_STYLE = Automatic;
				CURRENT_PROJECT_VERSION = 1;
				DEVELOPMENT_ASSET_PATHS = "\"PlantApp/Preview Content\"";
				DEVELOPMENT_TEAM = 855SF9939H;
				ENABLE_PREVIEWS = YES;
				GENERATE_INFOPLIST_FILE = YES;
				INFOPLIST_FILE = PlantApp/Info.plist;
				INFOPLIST_KEY_UIApplicationSceneManifest_Generation = YES;
				INFOPLIST_KEY_UIApplicationSupportsIndirectInputEvents = YES;
				INFOPLIST_KEY_UILaunchScreen_Generation = YES;
				INFOPLIST_KEY_UISupportedInterfaceOrientations_iPad = "UIInterfaceOrientationPortrait UIInterfaceOrientationPortraitUpsideDown UIInterfaceOrientationLandscapeLeft UIInterfaceOrientationLandscapeRight";
				INFOPLIST_KEY_UISupportedInterfaceOrientations_iPhone = "UIInterfaceOrientationPortrait UIInterfaceOrientationLandscapeLeft UIInterfaceOrientationLandscapeRight";
				LD_RUNPATH_SEARCH_PATHS = (
					"$(inherited)",
					"@executable_path/Frameworks",
				);
				MARKETING_VERSION = 1.0;
				PRODUCT_BUNDLE_IDENTIFIER = com.PlantApp;
				PRODUCT_NAME = "$(TARGET_NAME)";
				SWIFT_EMIT_LOC_STRINGS = YES;
				SWIFT_VERSION = 5.0;
				TARGETED_DEVICE_FAMILY = "1,2";
			};
			name = Debug;
		};
		A120B30F2B6D17F0008D13EB /* Release */ = {
			isa = XCBuildConfiguration;
			buildSettings = {
				ASSETCATALOG_COMPILER_APPICON_NAME = AppIcon;
				ASSETCATALOG_COMPILER_GLOBAL_ACCENT_COLOR_NAME = AccentColor;
				CODE_SIGN_STYLE = Automatic;
				CURRENT_PROJECT_VERSION = 1;
				DEVELOPMENT_ASSET_PATHS = "\"PlantApp/Preview Content\"";
				DEVELOPMENT_TEAM = 855SF9939H;
				ENABLE_PREVIEWS = YES;
				GENERATE_INFOPLIST_FILE = YES;
				INFOPLIST_FILE = PlantApp/Info.plist;
				INFOPLIST_KEY_UIApplicationSceneManifest_Generation = YES;
				INFOPLIST_KEY_UIApplicationSupportsIndirectInputEvents = YES;
				INFOPLIST_KEY_UILaunchScreen_Generation = YES;
				INFOPLIST_KEY_UISupportedInterfaceOrientations_iPad = "UIInterfaceOrientationPortrait UIInterfaceOrientationPortraitUpsideDown UIInterfaceOrientationLandscapeLeft UIInterfaceOrientationLandscapeRight";
				INFOPLIST_KEY_UISupportedInterfaceOrientations_iPhone = "UIInterfaceOrientationPortrait UIInterfaceOrientationLandscapeLeft UIInterfaceOrientationLandscapeRight";
				LD_RUNPATH_SEARCH_PATHS = (
					"$(inherited)",
					"@executable_path/Frameworks",
				);
				MARKETING_VERSION = 1.0;
				PRODUCT_BUNDLE_IDENTIFIER = com.PlantApp;
				PRODUCT_NAME = "$(TARGET_NAME)";
				SWIFT_EMIT_LOC_STRINGS = YES;
				SWIFT_VERSION = 5.0;
				TARGETED_DEVICE_FAMILY = "1,2";
			};
			name = Release;
		};
/* End XCBuildConfiguration section */

/* Begin XCConfigurationList section */
		A120B2FA2B6D17D7008D13EB /* Build configuration list for PBXProject "PlantApp" */ = {
			isa = XCConfigurationList;
			buildConfigurations = (
				A120B30B2B6D17F0008D13EB /* Debug */,
				A120B30C2B6D17F0008D13EB /* Release */,
			);
			defaultConfigurationIsVisible = 0;
			defaultConfigurationName = Release;
		};
		A120B30D2B6D17F0008D13EB /* Build configuration list for PBXNativeTarget "PlantApp" */ = {
			isa = XCConfigurationList;
			buildConfigurations = (
				A120B30E2B6D17F0008D13EB /* Debug */,
				A120B30F2B6D17F0008D13EB /* Release */,
			);
			defaultConfigurationIsVisible = 0;
			defaultConfigurationName = Release;
		};
/* End XCConfigurationList section */
	};
	rootObject = A120B2F72B6D17D7008D13EB /* Project object */;
}
